isorelax:isorelax:20030108:compile:
org.nokogiri:nekodtd:0.1.11.noko2:compile:
net.sourceforge.htmlunit:neko-htmlunit:2.63.0:compile:
nu.validator:jing:20200702VNU:compile:
net.sf.saxon:Saxon-HE:9.6.0-4:compile:
xalan:serializer:2.7.3:compile:
xalan:xalan:2.7.3:compile:
xerces:xercesImpl:2.12.2:compile:
xml-apis:xml-apis:1.4.01:compile:
com.github.crawler-commons:crawler-commons:1.2:compile:
org.slf4j:slf4j-api:1.7.7:compile:
org.apache.httpcomponents.client5:httpclient5:5.1:compile:
org.apache.httpcomponents.core5:httpcore5:5.1.1:compile:
org.apache.httpcomponents.core5:httpcore5-h2:5.1.1:compile:
commons-codec:commons-codec:1.15:compile:
org.apache.tika:tika-parsers:1.28.1:compile:
org.apache.tika:tika-core:1.28.1:compile:
jakarta.annotation:jakarta.annotation-api:1.3.5:compile:
org.gagravarr:vorbis-java-tika:0.8:compile:
org.tallison:jmatio:1.5:compile:
org.apache.james:apache-mime4j-core:0.8.4:compile:
org.apache.james:apache-mime4j-dom:0.8.4:compile:
com.googlecode.plist:dd-plist:1.23:compile:
org.tukaani:xz:1.9:compile:
com.epam:parso:2.0.14:compile:
org.brotli:dec:0.1.2:compile:
org.apache.pdfbox:pdfbox:2.0.25:compile:
org.apache.pdfbox:fontbox:2.0.25:compile:
org.apache.pdfbox:pdfbox-tools:2.0.25:compile:
org.apache.pdfbox:preflight:2.0.25:compile:
org.apache.pdfbox:jempbox:1.8.16:compile:
org.apache.pdfbox:xmpbox:2.0.25:compile:
commons-logging:commons-logging:1.2:compile:
org.bouncycastle:bcmail-jdk15on:1.70:compile:
org.bouncycastle:bcutil-jdk15on:1.70:compile:
org.bouncycastle:bcpkix-jdk15on:1.70:compile:
org.bouncycastle:bcprov-jdk15on:1.70:compile:
org.apache.poi:poi:4.1.2:compile:
org.apache.commons:commons-collections4:4.4:compile:
org.apache.commons:commons-math3:3.6.1:compile:
com.zaxxer:SparseBitSet:1.2:compile:
org.apache.poi:poi-scratchpad:4.1.2:compile:
org.apache.poi:poi-ooxml:4.1.2:compile:
org.apache.poi:poi-ooxml-schemas:4.1.2:compile:
org.apache.xmlbeans:xmlbeans:3.1.0:compile:
com.github.virtuald:curvesapi:1.06:compile:
com.healthmarketscience.jackcess:jackcess:4.0.1:compile:
com.healthmarketscience.jackcess:jackcess-encrypt:4.0.1:compile:
org.ccil.cowan.tagsoup:tagsoup:1.2.1:compile:
org.ow2.asm:asm:9.2:compile:
org.tallison:isoparser:1.9.41.7:compile:
org.tallison:metadata-extractor:2.15.0.1:compile:
org.tallison.xmp:xmpcore-shaded:6.1.11:compile:
de.l3s.boilerpipe:boilerpipe:1.1.0:compile:
com.rometools:rome:1.18.0:compile:
com.rometools:rome-utils:1.18.0:compile:
org.gagravarr:vorbis-java-core:0.8:compile:
com.googlecode.juniversalchardet:juniversalchardet:1.0.3:compile:
org.codelibs:jhighlight:1.0.3:compile:
com.pff:java-libpst:0.9.3:compile:
org.apache.cxf:cxf-rt-rs-client:3.5.0:compile:
org.apache.cxf:cxf-rt-frontend-jaxrs:3.5.0:compile:
jakarta.ws.rs:jakarta.ws.rs-api:2.1.6:compile:
org.apache.cxf:cxf-rt-security:3.5.0:compile:
org.glassfish.jaxb:jaxb-runtime:2.3.5:compile:
org.glassfish.jaxb:txw2:2.3.5:compile:
com.sun.istack:istack-commons-runtime:3.0.12:compile:
org.apache.commons:commons-exec:1.3:compile:
org.apache.opennlp:opennlp-tools:1.9.4:compile:
com.googlecode.json-simple:json-simple:1.1.1:compile:
com.github.openjson:openjson:1.0.12:compile:
org.slf4j:jul-to-slf4j:1.7.36:compile:
org.slf4j:jcl-over-slf4j:1.7.36:compile:
edu.ucar:netcdf4:4.5.5:compile:
org.jdom:jdom2:2.0.6.1:compile:
edu.ucar:grib:4.5.5:compile:
org.itadaki:bzip2:0.9.1:compile:
net.jcip:jcip-annotations:1.0:compile:
net.java.dev.jna:jna:5.10.0:compile:
edu.ucar:cdm:4.5.5:compile:
edu.ucar:udunits:4.5.5:compile:
joda-time:joda-time:2.2:compile:
net.sf.ehcache:ehcache-core:2.6.2:compile:
org.quartz-scheduler:quartz:2.3.2:compile:
com.zaxxer:HikariCP-java7:2.4.13:compile:
edu.ucar:httpservices:4.5.5:compile:
org.apache.httpcomponents:httpclient:4.5.13:compile:
org.apache.httpcomponents:httpcore:4.4.13:compile:
org.apache.httpcomponents:httpmime:4.5.13:compile:
org.apache.commons:commons-csv:1.9.0:compile:
org.apache.sis.core:sis-utility:1.1:compile:
javax.measure:unit-api:1.0:compile:
org.apache.sis.storage:sis-netcdf:1.1:compile:
org.apache.sis.storage:sis-storage:1.1:compile:
org.apache.sis.core:sis-feature:1.1:compile:
org.apache.sis.core:sis-referencing:1.1:compile:
org.apache.sis.core:sis-metadata:1.1:compile:
org.opengis:geoapi:3.0.1:compile:
edu.usc.ir:sentiment-analysis-parser:0.1:compile:
com.fasterxml.jackson.core:jackson-core:2.13.1:compile:
com.fasterxml.jackson.core:jackson-annotations:2.13.1:compile:
org.apache.pdfbox:jbig2-imageio:3.0.3:compile:
com.github.jai-imageio:jai-imageio-core:1.4.0:compile:
jakarta.xml.bind:jakarta.xml.bind-api:2.3.3:compile:
jakarta.activation:jakarta.activation-api:1.2.2:compile:
org.slf4j:slf4j-nop:1.7.26:compile:
org.apache.commons:commons-lang3:3.10:compile:
com.google.protobuf:protobuf-java:3.19.6:compile:
com.github.junrar:junrar:7.4.1:compile:
org.jsoup:jsoup:1.14.3:compile:
commons-io:commons-io:2.11.0:compile:
org.apache.cxf:cxf-rt-transports-http:3.4.10:compile:
jakarta.xml.ws:jakarta.xml.ws-api:2.3.3:compile:
jakarta.jws:jakarta.jws-api:2.1.0:compile:
jakarta.xml.soap:jakarta.xml.soap-api:1.4.2:compile:
com.sun.activation:jakarta.activation:1.2.2:compile:
com.sun.xml.messaging.saaj:saaj-impl:1.5.3:runtime:
org.jvnet.staxex:stax-ex:1.8.3:runtime:
org.apache.geronimo.specs:geronimo-jta_1.1_spec:1.1.1:compile:
org.apache.cxf:cxf-core:3.4.10:compile:
org.apache.ws.xmlschema:xmlschema-core:2.2.5:compile:
com.mchange:c3p0:0.9.5.4:compile:
com.mchange:mchange-commons-java:0.2.15:compile:
com.drewnoakes:metadata-extractor:2.13.0:compile:
com.adobe.xmp:xmpcore:6.0.6:compile:
com.beust:jcommander:1.75:compile:
org.apache.commons:commons-compress:1.21:compile:
com.google.code.gson:gson:2.8.9:compile:
com.fasterxml.jackson.core:jackson-databind:2.14.2:compile:
com.fasterxml.woodstox:woodstox-core:6.5.1:compile:
org.codehaus.woodstox:stax2-api:4.2.1:compile:
com.google.guava:guava:32.1.3-jre:compile:
com.google.guava:failureaccess:1.0.1:compile:
com.google.guava:listenablefuture:9999.0-empty-to-avoid-conflict-with-guava:compile:
com.google.code.findbugs:jsr305:3.0.2:compile:
org.checkerframework:checker-qual:3.37.0:compile:
com.google.errorprone:error_prone_annotations:2.21.1:compile:
com.google.j2objc:j2objc-annotations:2.8:compile:
org.apache.uima:uimaj-core:3.3.1:compile:
org.bitbucket.mstrobel:procyon-compilertools:0.5.32:compile:
org.bitbucket.mstrobel:procyon-core:0.5.32:compile:
