isorelax:isorelax:20030108:compile:
org.nokogiri:nekodtd:0.1.11.noko2:compile:
net.sourceforge.htmlunit:neko-htmlunit:2.63.0:compile:
nu.validator:jing:20200702VNU:compile:
net.sf.saxon:Saxon-HE:9.6.0-4:compile:
xalan:serializer:2.7.3:compile:
xalan:xalan:2.7.3:compile:
xerces:xercesImpl:2.12.2:compile:
xml-apis:xml-apis:1.4.01:compile:
com.github.crawler-commons:crawler-commons:1.2:compile:
org.slf4j:slf4j-api:1.7.7:compile:
commons-io:commons-io:2.16.1:compile:
org.apache.httpcomponents.client5:httpclient5:5.1:compile:
org.apache.httpcomponents.core5:httpcore5:5.1.1:compile:
org.apache.httpcomponents.core5:httpcore5-h2:5.1.1:compile:
commons-codec:commons-codec:1.15:compile:
org.htmlunit:htmlunit:4.5.0:compile:
org.apache.httpcomponents:httpmime:4.5.14:compile:
org.htmlunit:htmlunit-core-js:4.5.0:compile:
org.htmlunit:neko-htmlunit:4.5.0:compile:
org.htmlunit:htmlunit-cssparser:4.5.0:compile:
org.htmlunit:htmlunit-xpath:4.5.0:compile:
org.htmlunit:htmlunit-csp:4.5.0:compile:
org.htmlunit:htmlunit-websocket-client:4.5.0:compile:
org.apache.commons:commons-lang3:3.17.0:compile:
org.apache.commons:commons-text:1.12.0:compile:
commons-logging:commons-logging:1.3.4:compile:
commons-net:commons-net:3.11.1:compile:
org.apache.httpcomponents:httpclient:4.5.14:compile:
org.apache.httpcomponents:httpcore:4.4.16:compile:
org.apache.commons:commons-compress:1.27.1:compile:
org.brotli:dec:0.1.2:compile:
org.slf4j:slf4j-nop:1.7.26:compile:
